
Microsoft Visual Studio Solution File, Format Version 12.00
# Visual Studio 15
VisualStudioVersion = 15.0.28307.902
MinimumVisualStudioVersion = 10.0.40219.1
Project("{159641D6-6404-4A2A-AE62-294DE0FE8301}") = "Integration Services Project5", "Integration Services Project5\Integration Services Project5.dtproj", "{DAEF5732-291F-4487-9A63-7E323CA3A7B8}"
EndProject
Global
	GlobalSection(SolutionConfigurationPlatforms) = preSolution
		Development|Default = Development|Default
	EndGlobalSection
	GlobalSection(ProjectConfigurationPlatforms) = postSolution
		{DAEF5732-291F-4487-9A63-7E323CA3A7B8}.Development|Default.ActiveCfg = Development
		{DAEF5732-291F-4487-9A63-7E323CA3A7B8}.Development|Default.Build.0 = Development
	EndGlobalSection
	GlobalSection(SolutionProperties) = preSolution
		HideSolutionNode = FALSE
	EndGlobalSection
	GlobalSection(ExtensibilityGlobals) = postSolution
		SolutionGuid = {4BD23BA9-344A-43B4-B098-81DC0F978D70}
	EndGlobalSection
EndGlobal
